{
  "pins" : [
    {
      "identity" : "swift-package-capturesdk",
      "kind" : "remoteSourceControl",
      "location" : "https://github.com/SocketMobile/swift-package-capturesdk",
      "state" : {
        "revision" : "9938a4d0b09d58209e7504a8165db7dbc4bf3f98",
        "version" : "1.6.39"
      }
    }
  ],
  "version" : 2
}
